
Microsoft Visual Studio Solution File, Format Version 12.00
# Visual Studio Version 16
VisualStudioVersion = 16.0.30717.126
MinimumVisualStudioVersion = 10.0.40219.1
Project("{9A19103F-16F7-4668-BE54-9A1E7A4F7556}") = "HuffmansTranscoder", "HuffmansTranscoder.csproj", "{5D437DCE-D46D-4E73-A139-BBC01006B8FC}"
EndProject
Project("{FAE04EC0-301F-11D3-BF4B-00C04F79EFBC}") = "HuffmansTranscoderTest", "..\HuffmansTranscoderTest\HuffmansTranscoderTest.csproj", "{65941758-65FD-4D31-A285-1ED27E7F03BF}"
EndProject
Global
	GlobalSection(SolutionConfigurationPlatforms) = preSolution
		Debug|Any CPU = Debug|Any CPU
		Release|Any CPU = Release|Any CPU
	EndGlobalSection
	GlobalSection(ProjectConfigurationPlatforms) = postSolution
		{5D437DCE-D46D-4E73-A139-BBC01006B8FC}.Debug|Any CPU.ActiveCfg = Debug|Any CPU
		{5D437DCE-D46D-4E73-A139-BBC01006B8FC}.Debug|Any CPU.Build.0 = Debug|Any CPU
		{5D437DCE-D46D-4E73-A139-BBC01006B8FC}.Release|Any CPU.ActiveCfg = Release|Any CPU
		{5D437DCE-D46D-4E73-A139-BBC01006B8FC}.Release|Any CPU.Build.0 = Release|Any CPU
		{65941758-65FD-4D31-A285-1ED27E7F03BF}.Debug|Any CPU.ActiveCfg = Debug|Any CPU
		{65941758-65FD-4D31-A285-1ED27E7F03BF}.Debug|Any CPU.Build.0 = Debug|Any CPU
		{65941758-65FD-4D31-A285-1ED27E7F03BF}.Release|Any CPU.ActiveCfg = Release|Any CPU
		{65941758-65FD-4D31-A285-1ED27E7F03BF}.Release|Any CPU.Build.0 = Release|Any CPU
	EndGlobalSection
	GlobalSection(SolutionProperties) = preSolution
		HideSolutionNode = FALSE
	EndGlobalSection
	GlobalSection(ExtensibilityGlobals) = postSolution
		SolutionGuid = {4370E0B0-2786-41D9-B613-3003DCE712EC}
	EndGlobalSection
EndGlobal
